// !$*UTF8*$!
{
	archiveVersion = 1;
	classes = {
	};
	objectVersion = 46;
	objects = {

/* Begin PBXBuildFile section */
		2028C88D1D6B890200EB5AD7 /* AppDelegate.swift in Sources */ = {isa = PBXBuildFile; fileRef = 2028C88C1D6B890200EB5AD7 /* AppDelegate.swift */; };
		2028C88F1D6B890200EB5AD7 /* ViewController.swift in Sources */ = {isa = PBXBuildFile; fileRef = 2028C88E1D6B890200EB5AD7 /* ViewController.swift */; };
		2028C8921D6B890200EB5AD7 /* Main.storyboard in Resources */ = {isa = PBXBuildFile; fileRef = 2028C8901D6B890200EB5AD7 /* Main.storyboard */; };
		2028C8941D6B890200EB5AD7 /* Assets.xcassets in Resources */ = {isa = PBXBuildFile; fileRef = 2028C8931D6B890200EB5AD7 /* Assets.xcassets */; };
		2028C8971D6B890200EB5AD7 /* LaunchScreen.storyboard in Resources */ = {isa = PBXBuildFile; fileRef = 2028C8951D6B890200EB5AD7 /* LaunchScreen.storyboard */; };
		2028C89F1D6B8A9700EB5AD7 /* Map-120.png in Resources */ = {isa = PBXBuildFile; fileRef = 2028C89E1D6B8A9700EB5AD7 /* Map-120.png */; };
		2028C8A11D6B8A9E00EB5AD7 /* Map-iPhone-256.png in Resources */ = {isa = PBXBuildFile; fileRef = 2028C8A01D6B8A9E00EB5AD7 /* Map-iPhone-256.png */; };
		20A9856D1D6F427A0051D20C /* ZoomIn.png in Resources */ = {isa = PBXBuildFile; fileRef = 20A9856C1D6F427A0051D20C /* ZoomIn.png */; };
		20A9856F1D6F42810051D20C /* ZoomOut.png in Resources */ = {isa = PBXBuildFile; fileRef = 20A9856E1D6F42810051D20C /* ZoomOut.png */; };
/* End PBXBuildFile section */

/* Begin PBXFileReference section */
		2028C8891D6B890200EB5AD7 /* Maap.app */ = {isa = PBXFileReference; explicitFileType = wrapper.application; includeInIndex = 0; path = Maap.app; sourceTree = BUILT_PRODUCTS_DIR; };
		2028C88C1D6B890200EB5AD7 /* AppDelegate.swift */ = {isa = PBXFileReference; lastKnownFileType = sourcecode.swift; path = AppDelegate.swift; sourceTree = "<group>"; };
		2028C88E1D6B890200EB5AD7 /* ViewController.swift */ = {isa = PBXFileReference; lastKnownFileType = sourcecode.swift; path = ViewController.swift; sourceTree = "<group>"; };
		2028C8911D6B890200EB5AD7 /* Base */ = {isa = PBXFileReference; lastKnownFileType = file.storyboard; name = Base; path = Base.lproj/Main.storyboard; sourceTree = "<group>"; };
		2028C8931D6B890200EB5AD7 /* Assets.xcassets */ = {isa = PBXFileReference; lastKnownFileType = folder.assetcatalog; path = Assets.xcassets; sourceTree = "<group>"; };
		2028C8961D6B890200EB5AD7 /* Base */ = {isa = PBXFileReference; lastKnownFileType = file.storyboard; name = Base; path = Base.lproj/LaunchScreen.storyboard; sourceTree = "<group>"; };
		2028C8981D6B890200EB5AD7 /* Info.plist */ = {isa = PBXFileReference; lastKnownFileType = text.plist.xml; path = Info.plist; sourceTree = "<group>"; };
		2028C89E1D6B8A9700EB5AD7 /* Map-120.png */ = {isa = PBXFileReference; lastKnownFileType = image.png; path = "Map-120.png"; sourceTree = "<group>"; };
		2028C8A01D6B8A9E00EB5AD7 /* Map-iPhone-256.png */ = {isa = PBXFileReference; lastKnownFileType = image.png; path = "Map-iPhone-256.png"; sourceTree = "<group>"; };
		20A9856C1D6F427A0051D20C /* ZoomIn.png */ = {isa = PBXFileReference; lastKnownFileType = image.png; path = ZoomIn.png; sourceTree = "<group>"; };
		20A9856E1D6F42810051D20C /* ZoomOut.png */ = {isa = PBXFileReference; lastKnownFileType = image.png; path = ZoomOut.png; sourceTree = "<group>"; };
/* End PBXFileReference section */

/* Begin PBXFrameworksBuildPhase section */
		2028C8861D6B890200EB5AD7 /* Frameworks */ = {
			isa = PBXFrameworksBuildPhase;
			buildActionMask = 2147483647;
			files = (
			);
			runOnlyForDeploymentPostprocessing = 0;
		};
/* End PBXFrameworksBuildPhase section */

/* Begin PBXGroup section */
		2028C8801D6B890200EB5AD7 = {
			isa = PBXGroup;
			children = (
				2028C88B1D6B890200EB5AD7 /* Maap */,
				2028C88A1D6B890200EB5AD7 /* Products */,
			);
			sourceTree = "<group>";
		};
		2028C88A1D6B890200EB5AD7 /* Products */ = {
			isa = PBXGroup;
			children = (
				2028C8891D6B890200EB5AD7 /* Maap.app */,
			);
			name = Products;
			sourceTree = "<group>";
		};
		2028C88B1D6B890200EB5AD7 /* Maap */ = {
			isa = PBXGroup;
			children = (
				20A9856C1D6F427A0051D20C /* ZoomIn.png */,
				20A9856E1D6F42810051D20C /* ZoomOut.png */,
				2028C89E1D6B8A9700EB5AD7 /* Map-120.png */,
				2028C8A01D6B8A9E00EB5AD7 /* Map-iPhone-256.png */,
				2028C88C1D6B890200EB5AD7 /* AppDelegate.swift */,
				2028C88E1D6B890200EB5AD7 /* ViewController.swift */,
				2028C8901D6B890200EB5AD7 /* Main.storyboard */,
				2028C8931D6B890200EB5AD7 /* Assets.xcassets */,
				2028C8951D6B890200EB5AD7 /* LaunchScreen.storyboard */,
				2028C8981D6B890200EB5AD7 /* Info.plist */,
			);
			path = Maap;
			sourceTree = "<group>";
		};
/* End PBXGroup section */

/* Begin PBXNativeTarget section */
		2028C8881D6B890200EB5AD7 /* Maap */ = {
			isa = PBXNativeTarget;
			buildConfigurationList = 2028C89B1D6B890200EB5AD7 /* Build configuration list for PBXNativeTarget "Maap" */;
			buildPhases = (
				2028C8851D6B890200EB5AD7 /* Sources */,
				2028C8861D6B890200EB5AD7 /* Frameworks */,
				2028C8871D6B890200EB5AD7 /* Resources */,
			);
			buildRules = (
			);
			dependencies = (
			);
			name = Maap;
			productName = Maap;
			productReference = 2028C8891D6B890200EB5AD7 /* Maap.app */;
			productType = "com.apple.product-type.application";
		};
/* End PBXNativeTarget section */

/* Begin PBXProject section */
		2028C8811D6B890200EB5AD7 /* Project object */ = {
			isa = PBXProject;
			attributes = {
				LastSwiftUpdateCheck = 0730;
				LastUpgradeCheck = 0730;
				ORGANIZATIONNAME = "Gerardo Villarroel";
				TargetAttributes = {
					2028C8881D6B890200EB5AD7 = {
						CreatedOnToolsVersion = 7.3.1;
						DevelopmentTeam = 475939Z3R3;
						SystemCapabilities = {
							com.apple.Maps.iOS = {
								enabled = 0;
							};
						};
					};
				};
			};
			buildConfigurationList = 2028C8841D6B890200EB5AD7 /* Build configuration list for PBXProject "Maap" */;
			compatibilityVersion = "Xcode 3.2";
			developmentRegion = English;
			hasScannedForEncodings = 0;
			knownRegions = (
				en,
				Base,
			);
			mainGroup = 2028C8801D6B890200EB5AD7;
			productRefGroup = 2028C88A1D6B890200EB5AD7 /* Products */;
			projectDirPath = "";
			projectRoot = "";
			targets = (
				2028C8881D6B890200EB5AD7 /* Maap */,
			);
		};
/* End PBXProject section */

/* Begin PBXResourcesBuildPhase section */
		2028C8871D6B890200EB5AD7 /* Resources */ = {
			isa = PBXResourcesBuildPhase;
			buildActionMask = 2147483647;
			files = (
				2028C89F1D6B8A9700EB5AD7 /* Map-120.png in Resources */,
				2028C8971D6B890200EB5AD7 /* LaunchScreen.storyboard in Resources */,
				20A9856D1D6F427A0051D20C /* ZoomIn.png in Resources */,
				20A9856F1D6F42810051D20C /* ZoomOut.png in Resources */,
				2028C8941D6B890200EB5AD7 /* Assets.xcassets in Resources */,
				2028C8921D6B890200EB5AD7 /* Main.storyboard in Resources */,
				2028C8A11D6B8A9E00EB5AD7 /* Map-iPhone-256.png in Resources */,
			);
			runOnlyForDeploymentPostprocessing = 0;
		};
/* End PBXResourcesBuildPhase section */

/* Begin PBXSourcesBuildPhase section */
		2028C8851D6B890200EB5AD7 /* Sources */ = {
			isa = PBXSourcesBuildPhase;
			buildActionMask = 2147483647;
			files = (
				2028C88F1D6B890200EB5AD7 /* ViewController.swift in Sources */,
				2028C88D1D6B890200EB5AD7 /* AppDelegate.swift in Sources */,
			);
			runOnlyForDeploymentPostprocessing = 0;
		};
/* End PBXSourcesBuildPhase section */

/* Begin PBXVariantGroup section */
		2028C8901D6B890200EB5AD7 /* Main.storyboard */ = {
			isa = PBXVariantGroup;
			children = (
				2028C8911D6B890200EB5AD7 /* Base */,
			);
			name = Main.storyboard;
			sourceTree = "<group>";
		};
		2028C8951D6B890200EB5AD7 /* LaunchScreen.storyboard */ = {
			isa = PBXVariantGroup;
			children = (
				2028C8961D6B890200EB5AD7 /* Base */,
			);
			name = LaunchScreen.storyboard;
			sourceTree = "<group>";
		};
/* End PBXVariantGroup section */

/* Begin XCBuildConfiguration section */
		2028C8991D6B890200EB5AD7 /* Debug */ = {
			isa = XCBuildConfiguration;
			buildSettings = {
				ALWAYS_SEARCH_USER_PATHS = NO;
				CLANG_ANALYZER_NONNULL = YES;
				CLANG_CXX_LANGUAGE_STANDARD = "gnu++0x";
				CLANG_CXX_LIBRARY = "libc++";
				CLANG_ENABLE_MODULES = YES;
				CLANG_ENABLE_OBJC_ARC = YES;
				CLANG_WARN_BOOL_CONVERSION = YES;
				CLANG_WARN_CONSTANT_CONVERSION = YES;
				CLANG_WARN_DIRECT_OBJC_ISA_USAGE = YES_ERROR;
				CLANG_WARN_EMPTY_BODY = YES;
				CLANG_WARN_ENUM_CONVERSION = YES;
				CLANG_WARN_INT_CONVERSION = YES;
				CLANG_WARN_OBJC_ROOT_CLASS = YES_ERROR;
				CLANG_WARN_UNREACHABLE_CODE = YES;
				CLANG_WARN__DUPLICATE_METHOD_MATCH = YES;
				"CODE_SIGN_IDENTITY[sdk=iphoneos*]" = "iPhone Developer";
				COPY_PHASE_STRIP = NO;
				DEBUG_INFORMATION_FORMAT = dwarf;
				ENABLE_STRICT_OBJC_MSGSEND = YES;
				ENABLE_TESTABILITY = YES;
				GCC_C_LANGUAGE_STANDARD = gnu99;
				GCC_DYNAMIC_NO_PIC = NO;
				GCC_NO_COMMON_BLOCKS = YES;
				GCC_OPTIMIZATION_LEVEL = 0;
				GCC_PREPROCESSOR_DEFINITIONS = (
					"DEBUG=1",
					"$(inherited)",
				);
				GCC_WARN_64_TO_32_BIT_CONVERSION = YES;
				GCC_WARN_ABOUT_RETURN_TYPE = YES_ERROR;
				GCC_WARN_UNDECLARED_SELECTOR = YES;
				GCC_WARN_UNINITIALIZED_AUTOS = YES_AGGRESSIVE;
				GCC_WARN_UNUSED_FUNCTION = YES;
				GCC_WARN_UNUSED_VARIABLE = YES;
				IPHONEOS_DEPLOYMENT_TARGET = 9.3;
				MTL_ENABLE_DEBUG_INFO = YES;
				ONLY_ACTIVE_ARCH = YES;
				SDKROOT = iphoneos;
				SWIFT_OPTIMIZATION_LEVEL = "-Onone";
			};
			name = Debug;
		};
		2028C89A1D6B890200EB5AD7 /* Release */ = {
			isa = XCBuildConfiguration;
			buildSettings = {
				ALWAYS_SEARCH_USER_PATHS = NO;
				CLANG_ANALYZER_NONNULL = YES;
				CLANG_CXX_LANGUAGE_STANDARD = "gnu++0x";
				CLANG_CXX_LIBRARY = "libc++";
				CLANG_ENABLE_MODULES = YES;
				CLANG_ENABLE_OBJC_ARC = YES;
				CLANG_WARN_BOOL_CONVERSION = YES;
				CLANG_WARN_CONSTANT_CONVERSION = YES;
				CLANG_WARN_DIRECT_OBJC_ISA_USAGE = YES_ERROR;
				CLANG_WARN_EMPTY_BODY = YES;
				CLANG_WARN_ENUM_CONVERSION = YES;
				CLANG_WARN_INT_CONVERSION = YES;
				CLANG_WARN_OBJC_ROOT_CLASS = YES_ERROR;
				CLANG_WARN_UNREACHABLE_CODE = YES;
				CLANG_WARN__DUPLICATE_METHOD_MATCH = YES;
				"CODE_SIGN_IDENTITY[sdk=iphoneos*]" = "iPhone Developer";
				COPY_PHASE_STRIP = NO;
				DEBUG_INFORMATION_FORMAT = "dwarf-with-dsym";
				ENABLE_NS_ASSERTIONS = NO;
				ENABLE_STRICT_OBJC_MSGSEND = YES;
				GCC_C_LANGUAGE_STANDARD = gnu99;
				GCC_NO_COMMON_BLOCKS = YES;
				GCC_WARN_64_TO_32_BIT_CONVERSION = YES;
				GCC_WARN_ABOUT_RETURN_TYPE = YES_ERROR;
				GCC_WARN_UNDECLARED_SELECTOR = YES;
				GCC_WARN_UNINITIALIZED_AUTOS = YES_AGGRESSIVE;
				GCC_WARN_UNUSED_FUNCTION = YES;
				GCC_WARN_UNUSED_VARIABLE = YES;
				IPHONEOS_DEPLOYMENT_TARGET = 9.3;
				MTL_ENABLE_DEBUG_INFO = NO;
				SDKROOT = iphoneos;
				VALIDATE_PRODUCT = YES;
			};
			name = Release;
		};
		2028C89C1D6B890200EB5AD7 /* Debug */ = {
			isa = XCBuildConfiguration;
			buildSettings = {
				ASSETCATALOG_COMPILER_APPICON_NAME = AppIcon;
				CODE_SIGN_IDENTITY = "iPhone Developer";
				INFOPLIST_FILE = Maap/Info.plist;
				LD_RUNPATH_SEARCH_PATHS = "$(inherited) @executable_path/Frameworks";
				PRODUCT_BUNDLE_IDENTIFIER = gervil.Maap;
				PRODUCT_NAME = "$(TARGET_NAME)";
			};
			name = Debug;
		};
		2028C89D1D6B890200EB5AD7 /* Release */ = {
			isa = XCBuildConfiguration;
			buildSettings = {
				ASSETCATALOG_COMPILER_APPICON_NAME = AppIcon;
				CODE_SIGN_IDENTITY = "iPhone Developer";
				INFOPLIST_FILE = Maap/Info.plist;
				LD_RUNPATH_SEARCH_PATHS = "$(inherited) @executable_path/Frameworks";
				PRODUCT_BUNDLE_IDENTIFIER = gervil.Maap;
				PRODUCT_NAME = "$(TARGET_NAME)";
			};
			name = Release;
		};
/* End XCBuildConfiguration section */

/* Begin XCConfigurationList section */
		2028C8841D6B890200EB5AD7 /* Build configuration list for PBXProject "Maap" */ = {
			isa = XCConfigurationList;
			buildConfigurations = (
				2028C8991D6B890200EB5AD7 /* Debug */,
				2028C89A1D6B890200EB5AD7 /* Release */,
			);
			defaultConfigurationIsVisible = 0;
			defaultConfigurationName = Release;
		};
		2028C89B1D6B890200EB5AD7 /* Build configuration list for PBXNativeTarget "Maap" */ = {
			isa = XCConfigurationList;
			buildConfigurations = (
				2028C89C1D6B890200EB5AD7 /* Debug */,
				2028C89D1D6B890200EB5AD7 /* Release */,
			);
			defaultConfigurationIsVisible = 0;
			defaultConfigurationName = Release;
		};
/* End XCConfigurationList section */
	};
	rootObject = 2028C8811D6B890200EB5AD7 /* Project object */;
}
